{
  "name": "lsif-util",
  "version": "1.0.0",
  "lockfileVersion": 1,
  "requires": true,
  "dependencies": {
    "@types/node": {
      "version": "11.11.0",
      "resolved": "https://registry.npmjs.org/@types/node/-/node-11.11.0.tgz",
      "integrity": "sha512-D5Rt+HXgEywr3RQJcGlZUCTCx1qVbCZpVk3/tOOA6spLNZdGm8BU+zRgdRYDoF1pO3RuXLxADzMrF903JlQXqg=="
    },
    "tsc": {
      "version": "1.20150623.0",
      "resolved": "https://registry.npmjs.org/tsc/-/tsc-1.20150623.0.tgz",
      "integrity": "sha1-Trw8d04WkUjLx2inNCUz8ILHpuU="
    },
    "typescript": {
      "version": "3.3.3333",
      "resolved": "https://registry.npmjs.org/typescript/-/typescript-3.3.3333.tgz",
      "integrity": "sha512-JjSKsAfuHBE/fB2oZ8NxtRTk5iGcg6hkYXMnZ3Wc+b2RSqejEqTaem11mHASMnFilHrax3sLK0GDzcJrekZYLw=="
    }
  }
}
